github.com/lvdund/asn1go v1.0.3 h1:EIBJ/3vmEsQR4oUAobwoJ9XPkBFoobpGSeCEXTs+g+w=
github.com/lvdund/asn1go v1.0.3/go.mod h1:xicdgmGNxgfLjDi/xwiZ50VFUN3ZBxwtvuJpzH5+hgo=
github.com/lvdund/asn1go v1.0.5 h1:p9hzjjBVEkyAB2W0SzXZ25U5xkf0O1gujK8CKDTWu9s=
github.com/lvdund/asn1go v1.0.5/go.mod h1:xicdgmGNxgfLjDi/xwiZ50VFUN3ZBxwtvuJpzH5+hgo=
github.com/lvdund/asn1go v1.0.6 h1:+Yx+eKVMYItlRQrsdDZmJIeUnvWd5Sg4t855DdJ1pDs=
github.com/lvdund/asn1go v1.0.6/go.mod h1:xicdgmGNxgfLjDi/xwiZ50VFUN3ZBxwtvuJpzH5+hgo=
